# THIS IS AN AUTOGENERATED FILE. DO NOT EDIT THIS FILE DIRECTLY.
# yarn lockfile v1


"@types/lodash.clonedeep@^4.5.7":
  version "4.5.7"
  resolved "https://registry.yarnpkg.com/@types/lodash.clonedeep/-/lodash.clonedeep-4.5.7.tgz#0e119f582ed6f9e6b373c04a644651763214f197"
  integrity sha512-ccNqkPptFIXrpVqUECi60/DFxjNKsfoQxSQsgcBJCX/fuX1wgyQieojkcWH/KpE3xzLoWN/2k+ZeGqIN3paSvw==
  dependencies:
    "@types/lodash" "*"

"@types/lodash.get@^4.4.7":
  version "4.4.7"
  resolved "https://registry.yarnpkg.com/@types/lodash.get/-/lodash.get-4.4.7.tgz#1ea63d8b94709f6bc9e231f252b31440abe312cf"
  integrity sha512-af34Mj+KdDeuzsJBxc/XeTtOx0SZHZNLd+hdrn+PcKGQs0EG2TJTzQAOTCZTgDJCArahlCzLWSy8c2w59JRz7Q==
  dependencies:
    "@types/lodash" "*"

"@types/lodash.set@^4.3.7":
  version "4.3.7"
  resolved "https://registry.yarnpkg.com/@types/lodash.set/-/lodash.set-4.3.7.tgz#784fccea3fbef4d0949d1897a780f592da700942"
  integrity sha512-bS5Wkg/nrT82YUfkNYPSccFrNZRL+irl7Yt4iM6OTSQ0VZJED2oUIVm15NkNtUAQ8SRhCe+axqERUV6MJgkeEg==
  dependencies:
    "@types/lodash" "*"

"@types/lodash@*":
  version "4.14.191"
  resolved "https://registry.yarnpkg.com/@types/lodash/-/lodash-4.14.191.tgz#09511e7f7cba275acd8b419ddac8da9a6a79e2fa"
  integrity sha512-BdZ5BCCvho3EIXw6wUCXHe7rS53AIDPLE+JzwgT+OsJk53oBfbSmZZ7CX4VaRoN78N+TJpFi9QPlfIVNmJYWxQ==

lodash.clonedeep@^4.5.0:
  version "4.5.0"
  resolved "https://registry.yarnpkg.com/lodash.clonedeep/-/lodash.clonedeep-4.5.0.tgz#e23f3f9c4f8fbdde872529c1071857a086e5ccef"
  integrity sha512-H5ZhCF25riFd9uB5UCkVKo61m3S/xZk1x4wA6yp/L3RFP6Z/eHH1ymQcGLo7J3GMPfm0V/7m1tryHuGVxpqEBQ==

lodash.get@^4.4.2:
  version "4.4.2"
  resolved "https://registry.yarnpkg.com/lodash.get/-/lodash.get-4.4.2.tgz#2d177f652fa31e939b4438d5341499dfa3825e99"
  integrity sha512-z+Uw/vLuy6gQe8cfaFWD7p0wVv8fJl3mbzXh33RS+0oW2wvUqiRXiQ69gLWSLpgB5/6sU+r6BlQR0MBILadqTQ==

lodash.set@^4.3.2:
  version "4.3.2"
  resolved "https://registry.yarnpkg.com/lodash.set/-/lodash.set-4.3.2.tgz#d8757b1da807dde24816b0d6a84bea1a76230b23"
  integrity sha512-4hNPN5jlm/N/HLMCO43v8BXKq9Z7QdAGc/VGrRD61w8gN9g/6jF9A4L1pbUgBLCffi0w9VsXfTOij5x8iTyFvg==

typescript@^4.9.5:
  version "4.9.5"
  resolved "https://registry.yarnpkg.com/typescript/-/typescript-4.9.5.tgz#095979f9bcc0d09da324d58d03ce8f8374cbe65a"
  integrity sha512-1FXk9E2Hm+QzZQ7z+McJiHL4NW1F2EzMu9Nq9i3zAaGqibafqYwCVU6WyWAuyQRRzOlxou8xZSyXLEN8oKj24g==
